Microsoft Visual Studio Solution File, Format Version 12.00
# Visual Studio Version 17
VisualStudioVersion = 17.5.2.0
MinimumVisualStudioVersion = 10.0.40219.1
Project("{FAE04EC0-301F-11D3-BF4B-00C04F79EFBC}") = "Lab1", "Lab1\Lab1.csproj", "{4C38379F-6B46-EF58-4F1F-EC66EF1F7497}"
EndProject
Project("{FAE04EC0-301F-11D3-BF4B-00C04F79EFBC}") = "Lab2", "Lab2\Lab2.csproj", "{3613DD8E-1F45-4F20-AC1F-4ACE6A4E0B18}"
EndProject
Project("{FAE04EC0-301F-11D3-BF4B-00C04F79EFBC}") = "Lab3", "Lab3\Lab3.csproj", "{FF9CF7F7-B7EF-4B5F-8902-377BF1851DBE}"
EndProject
Project("{FAE04EC0-301F-11D3-BF4B-00C04F79EFBC}") = "Lab4", "Lab4\Lab4.csproj", "{F8EF1A7D-8D71-4788-8664-545B64504992}"
EndProject
Project("{FAE04EC0-301F-11D3-BF4B-00C04F79EFBC}") = "Lab5", "Lab5\Lab5.csproj", "{878182F0-5C29-4156-A836-D92CF3C9C211}"
EndProject
Global
	GlobalSection(SolutionConfigurationPlatforms) = preSolution
		Debug|Any CPU = Debug|Any CPU
		Release|Any CPU = Release|Any CPU
	EndGlobalSection
	GlobalSection(ProjectConfigurationPlatforms) = postSolution
		{4C38379F-6B46-EF58-4F1F-EC66EF1F7497}.Debug|Any CPU.ActiveCfg = Debug|Any CPU
		{4C38379F-6B46-EF58-4F1F-EC66EF1F7497}.Debug|Any CPU.Build.0 = Debug|Any CPU
		{4C38379F-6B46-EF58-4F1F-EC66EF1F7497}.Release|Any CPU.ActiveCfg = Release|Any CPU
		{4C38379F-6B46-EF58-4F1F-EC66EF1F7497}.Release|Any CPU.Build.0 = Release|Any CPU
		{3613DD8E-1F45-4F20-AC1F-4ACE6A4E0B18}.Debug|Any CPU.ActiveCfg = Debug|Any CPU
		{3613DD8E-1F45-4F20-AC1F-4ACE6A4E0B18}.Debug|Any CPU.Build.0 = Debug|Any CPU
		{3613DD8E-1F45-4F20-AC1F-4ACE6A4E0B18}.Release|Any CPU.ActiveCfg = Release|Any CPU
		{3613DD8E-1F45-4F20-AC1F-4ACE6A4E0B18}.Release|Any CPU.Build.0 = Release|Any CPU
		{FF9CF7F7-B7EF-4B5F-8902-377BF1851DBE}.Debug|Any CPU.ActiveCfg = Debug|Any CPU
		{FF9CF7F7-B7EF-4B5F-8902-377BF1851DBE}.Debug|Any CPU.Build.0 = Debug|Any CPU
		{FF9CF7F7-B7EF-4B5F-8902-377BF1851DBE}.Release|Any CPU.ActiveCfg = Release|Any CPU
		{FF9CF7F7-B7EF-4B5F-8902-377BF1851DBE}.Release|Any CPU.Build.0 = Release|Any CPU
		{F8EF1A7D-8D71-4788-8664-545B64504992}.Debug|Any CPU.ActiveCfg = Debug|Any CPU
		{F8EF1A7D-8D71-4788-8664-545B64504992}.Debug|Any CPU.Build.0 = Debug|Any CPU
		{F8EF1A7D-8D71-4788-8664-545B64504992}.Release|Any CPU.ActiveCfg = Release|Any CPU
		{F8EF1A7D-8D71-4788-8664-545B64504992}.Release|Any CPU.Build.0 = Release|Any CPU
		{878182F0-5C29-4156-A836-D92CF3C9C211}.Debug|Any CPU.ActiveCfg = Debug|Any CPU
		{878182F0-5C29-4156-A836-D92CF3C9C211}.Debug|Any CPU.Build.0 = Debug|Any CPU
		{878182F0-5C29-4156-A836-D92CF3C9C211}.Release|Any CPU.ActiveCfg = Release|Any CPU
		{878182F0-5C29-4156-A836-D92CF3C9C211}.Release|Any CPU.Build.0 = Release|Any CPU
	EndGlobalSection
	GlobalSection(SolutionProperties) = preSolution
		HideSolutionNode = FALSE
	EndGlobalSection
	GlobalSection(ExtensibilityGlobals) = postSolution
		SolutionGuid = {0D9E355D-3FA1-4B24-8A5A-1C7B74D55CCC}
	EndGlobalSection
EndGlobal
